// !$*UTF8*$!
{
	archiveVersion = 1;
	classes = {
	};
	objectVersion = 56;
	objects = {

/* Begin PBXBuildFile section */
		637858DA28E00D030042FF2F /* AppleShopTestApp.swift in Sources */ = {isa = PBXBuildFile; fileRef = 637858D928E00D030042FF2F /* AppleShopTestApp.swift */; };
		637858DC28E00D030042FF2F /* ContentView.swift in Sources */ = {isa = PBXBuildFile; fileRef = 637858DB28E00D030042FF2F /* ContentView.swift */; };
		637858DE28E00D050042FF2F /* Assets.xcassets in Resources */ = {isa = PBXBuildFile; fileRef = 637858DD28E00D050042FF2F /* Assets.xcassets */; };
		637858E128E00D050042FF2F /* Preview Assets.xcassets in Resources */ = {isa = PBXBuildFile; fileRef = 637858E028E00D050042FF2F /* Preview Assets.xcassets */; };
		637858E928E00FFA0042FF2F /* Product.swift in Sources */ = {isa = PBXBuildFile; fileRef = 637858E828E00FFA0042FF2F /* Product.swift */; };
		637858EE28E0111A0042FF2F /* ProductCard.swift in Sources */ = {isa = PBXBuildFile; fileRef = 637858ED28E0111A0042FF2F /* ProductCard.swift */; };
		637858F128E014F10042FF2F /* CartButton.swift in Sources */ = {isa = PBXBuildFile; fileRef = 637858F028E014F10042FF2F /* CartButton.swift */; };
		637858F328E015D30042FF2F /* CartView.swift in Sources */ = {isa = PBXBuildFile; fileRef = 637858F228E015D30042FF2F /* CartView.swift */; };
		637858F528E016720042FF2F /* CartManager.swift in Sources */ = {isa = PBXBuildFile; fileRef = 637858F428E016720042FF2F /* CartManager.swift */; };
		637858F728E017F70042FF2F /* ProductRow.swift in Sources */ = {isa = PBXBuildFile; fileRef = 637858F628E017F70042FF2F /* ProductRow.swift */; };
/* End PBXBuildFile section */

/* Begin PBXFileReference section */
		637858D628E00D030042FF2F /* AppleShopTest.app */ = {isa = PBXFileReference; explicitFileType = wrapper.application; includeInIndex = 0; path = AppleShopTest.app; sourceTree = BUILT_PRODUCTS_DIR; };
		637858D928E00D030042FF2F /* AppleShopTestApp.swift */ = {isa = PBXFileReference; lastKnownFileType = sourcecode.swift; path = AppleShopTestApp.swift; sourceTree = "<group>"; };
		637858DB28E00D030042FF2F /* ContentView.swift */ = {isa = PBXFileReference; lastKnownFileType = sourcecode.swift; path = ContentView.swift; sourceTree = "<group>"; };
		637858DD28E00D050042FF2F /* Assets.xcassets */ = {isa = PBXFileReference; lastKnownFileType = folder.assetcatalog; path = Assets.xcassets; sourceTree = "<group>"; };
		637858E028E00D050042FF2F /* Preview Assets.xcassets */ = {isa = PBXFileReference; lastKnownFileType = folder.assetcatalog; path = "Preview Assets.xcassets"; sourceTree = "<group>"; };
		637858E828E00FFA0042FF2F /* Product.swift */ = {isa = PBXFileReference; lastKnownFileType = sourcecode.swift; path = Product.swift; sourceTree = "<group>"; };
		637858ED28E0111A0042FF2F /* ProductCard.swift */ = {isa = PBXFileReference; lastKnownFileType = sourcecode.swift; path = ProductCard.swift; sourceTree = "<group>"; };
		637858F028E014F10042FF2F /* CartButton.swift */ = {isa = PBXFileReference; lastKnownFileType = sourcecode.swift; path = CartButton.swift; sourceTree = "<group>"; };
		637858F228E015D30042FF2F /* CartView.swift */ = {isa = PBXFileReference; lastKnownFileType = sourcecode.swift; path = CartView.swift; sourceTree = "<group>"; };
		637858F428E016720042FF2F /* CartManager.swift */ = {isa = PBXFileReference; lastKnownFileType = sourcecode.swift; path = CartManager.swift; sourceTree = "<group>"; };
		637858F628E017F70042FF2F /* ProductRow.swift */ = {isa = PBXFileReference; lastKnownFileType = sourcecode.swift; path = ProductRow.swift; sourceTree = "<group>"; };
/* End PBXFileReference section */

/* Begin PBXFrameworksBuildPhase section */
		637858D328E00D030042FF2F /* Frameworks */ = {
			isa = PBXFrameworksBuildPhase;
			buildActionMask = 2147483647;
			files = (
			);
			runOnlyForDeploymentPostprocessing = 0;
		};
/* End PBXFrameworksBuildPhase section */

/* Begin PBXGroup section */
		637858CD28E00D030042FF2F = {
			isa = PBXGroup;
			children = (
				637858D828E00D030042FF2F /* AppleShopTest */,
				637858D728E00D030042FF2F /* Products */,
			);
			sourceTree = "<group>";
		};
		637858D728E00D030042FF2F /* Products */ = {
			isa = PBXGroup;
			children = (
				637858D628E00D030042FF2F /* AppleShopTest.app */,
			);
			name = Products;
			sourceTree = "<group>";
		};
		637858D828E00D030042FF2F /* AppleShopTest */ = {
			isa = PBXGroup;
			children = (
				637858D928E00D030042FF2F /* AppleShopTestApp.swift */,
				637858EF28E013560042FF2F /* View */,
				637858EA28E010BE0042FF2F /* Components */,
				637858E728E00FE80042FF2F /* Models */,
				637858DD28E00D050042FF2F /* Assets.xcassets */,
				637858DF28E00D050042FF2F /* Preview Content */,
				637858F428E016720042FF2F /* CartManager.swift */,
			);
			path = AppleShopTest;
			sourceTree = "<group>";
		};
		637858DF28E00D050042FF2F /* Preview Content */ = {
			isa = PBXGroup;
			children = (
				637858E028E00D050042FF2F /* Preview Assets.xcassets */,
			);
			path = "Preview Content";
			sourceTree = "<group>";
		};
		637858E728E00FE80042FF2F /* Models */ = {
			isa = PBXGroup;
			children = (
				637858E828E00FFA0042FF2F /* Product.swift */,
			);
			path = Models;
			sourceTree = "<group>";
		};
		637858EA28E010BE0042FF2F /* Components */ = {
			isa = PBXGroup;
			children = (
				637858ED28E0111A0042FF2F /* ProductCard.swift */,
				637858F028E014F10042FF2F /* CartButton.swift */,
				637858F628E017F70042FF2F /* ProductRow.swift */,
			);
			path = Components;
			sourceTree = "<group>";
		};
		637858EF28E013560042FF2F /* View */ = {
			isa = PBXGroup;
			children = (
				637858DB28E00D030042FF2F /* ContentView.swift */,
				637858F228E015D30042FF2F /* CartView.swift */,
			);
			path = View;
			sourceTree = "<group>";
		};
/* End PBXGroup section */

/* Begin PBXNativeTarget section */
		637858D528E00D030042FF2F /* AppleShopTest */ = {
			isa = PBXNativeTarget;
			buildConfigurationList = 637858E428E00D050042FF2F /* Build configuration list for PBXNativeTarget "AppleShopTest" */;
			buildPhases = (
				637858D228E00D030042FF2F /* Sources */,
				637858D328E00D030042FF2F /* Frameworks */,
				637858D428E00D030042FF2F /* Resources */,
			);
			buildRules = (
			);
			dependencies = (
			);
			name = AppleShopTest;
			productName = AppleShopTest;
			productReference = 637858D628E00D030042FF2F /* AppleShopTest.app */;
			productType = "com.apple.product-type.application";
		};
/* End PBXNativeTarget section */

/* Begin PBXProject section */
		637858CE28E00D030042FF2F /* Project object */ = {
			isa = PBXProject;
			attributes = {
				BuildIndependentTargetsInParallel = 1;
				LastSwiftUpdateCheck = 1400;
				LastUpgradeCheck = 1400;
				TargetAttributes = {
					637858D528E00D030042FF2F = {
						CreatedOnToolsVersion = 14.0;
					};
				};
			};
			buildConfigurationList = 637858D128E00D030042FF2F /* Build configuration list for PBXProject "AppleShopTest" */;
			compatibilityVersion = "Xcode 14.0";
			developmentRegion = en;
			hasScannedForEncodings = 0;
			knownRegions = (
				en,
				Base,
			);
			mainGroup = 637858CD28E00D030042FF2F;
			productRefGroup = 637858D728E00D030042FF2F /* Products */;
			projectDirPath = "";
			projectRoot = "";
			targets = (
				637858D528E00D030042FF2F /* AppleShopTest */,
			);
		};
/* End PBXProject section */

/* Begin PBXResourcesBuildPhase section */
		637858D428E00D030042FF2F /* Resources */ = {
			isa = PBXResourcesBuildPhase;
			buildActionMask = 2147483647;
			files = (
				637858E128E00D050042FF2F /* Preview Assets.xcassets in Resources */,
				637858DE28E00D050042FF2F /* Assets.xcassets in Resources */,
			);
			runOnlyForDeploymentPostprocessing = 0;
		};
/* End PBXResourcesBuildPhase section */

/* Begin PBXSourcesBuildPhase section */
		637858D228E00D030042FF2F /* Sources */ = {
			isa = PBXSourcesBuildPhase;
			buildActionMask = 2147483647;
			files = (
				637858F328E015D30042FF2F /* CartView.swift in Sources */,
				637858DC28E00D030042FF2F /* ContentView.swift in Sources */,
				637858F528E016720042FF2F /* CartManager.swift in Sources */,
				637858DA28E00D030042FF2F /* AppleShopTestApp.swift in Sources */,
				637858F728E017F70042FF2F /* ProductRow.swift in Sources */,
				637858E928E00FFA0042FF2F /* Product.swift in Sources */,
				637858EE28E0111A0042FF2F /* ProductCard.swift in Sources */,
				637858F128E014F10042FF2F /* CartButton.swift in Sources */,
			);
			runOnlyForDeploymentPostprocessing = 0;
		};
/* End PBXSourcesBuildPhase section */

/* Begin XCBuildConfiguration section */
		637858E228E00D050042FF2F /* Debug */ = {
			isa = XCBuildConfiguration;
			buildSettings = {
				ALWAYS_SEARCH_USER_PATHS = NO;
				CLANG_ANALYZER_NONNULL = YES;
				CLANG_ANALYZER_NUMBER_OBJECT_CONVERSION = YES_AGGRESSIVE;
				CLANG_CXX_LANGUAGE_STANDARD = "gnu++20";
				CLANG_ENABLE_MODULES = YES;
				CLANG_ENABLE_OBJC_ARC = YES;
				CLANG_ENABLE_OBJC_WEAK = YES;
				CLANG_WARN_BLOCK_CAPTURE_AUTORELEASING = YES;
				CLANG_WARN_BOOL_CONVERSION = YES;
				CLANG_WARN_COMMA = YES;
				CLANG_WARN_CONSTANT_CONVERSION = YES;
				CLANG_WARN_DEPRECATED_OBJC_IMPLEMENTATIONS = YES;
				CLANG_WARN_DIRECT_OBJC_ISA_USAGE = YES_ERROR;
				CLANG_WARN_DOCUMENTATION_COMMENTS = YES;
				CLANG_WARN_EMPTY_BODY = YES;
				CLANG_WARN_ENUM_CONVERSION = YES;
				CLANG_WARN_INFINITE_RECURSION = YES;
				CLANG_WARN_INT_CONVERSION = YES;
				CLANG_WARN_NON_LITERAL_NULL_CONVERSION = YES;
				CLANG_WARN_OBJC_IMPLICIT_RETAIN_SELF = YES;
				CLANG_WARN_OBJC_LITERAL_CONVERSION = YES;
				CLANG_WARN_OBJC_ROOT_CLASS = YES_ERROR;
				CLANG_WARN_QUOTED_INCLUDE_IN_FRAMEWORK_HEADER = YES;
				CLANG_WARN_RANGE_LOOP_ANALYSIS = YES;
				CLANG_WARN_STRICT_PROTOTYPES = YES;
				CLANG_WARN_SUSPICIOUS_MOVE = YES;
				CLANG_WARN_UNGUARDED_AVAILABILITY = YES_AGGRESSIVE;
				CLANG_WARN_UNREACHABLE_CODE = YES;
				CLANG_WARN__DUPLICATE_METHOD_MATCH = YES;
				COPY_PHASE_STRIP = NO;
				DEBUG_INFORMATION_FORMAT = dwarf;
				ENABLE_STRICT_OBJC_MSGSEND = YES;
				ENABLE_TESTABILITY = YES;
				GCC_C_LANGUAGE_STANDARD = gnu11;
				GCC_DYNAMIC_NO_PIC = NO;
				GCC_NO_COMMON_BLOCKS = YES;
				GCC_OPTIMIZATION_LEVEL = 0;
				GCC_PREPROCESSOR_DEFINITIONS = (
					"DEBUG=1",
					"$(inherited)",
				);
				GCC_WARN_64_TO_32_BIT_CONVERSION = YES;
				GCC_WARN_ABOUT_RETURN_TYPE = YES_ERROR;
				GCC_WARN_UNDECLARED_SELECTOR = YES;
				GCC_WARN_UNINITIALIZED_AUTOS = YES_AGGRESSIVE;
				GCC_WARN_UNUSED_FUNCTION = YES;
				GCC_WARN_UNUSED_VARIABLE = YES;
				IPHONEOS_DEPLOYMENT_TARGET = 16.0;
				MTL_ENABLE_DEBUG_INFO = INCLUDE_SOURCE;
				MTL_FAST_MATH = YES;
				ONLY_ACTIVE_ARCH = YES;
				SDKROOT = iphoneos;
				SWIFT_ACTIVE_COMPILATION_CONDITIONS = DEBUG;
				SWIFT_OPTIMIZATION_LEVEL = "-Onone";
			};
			name = Debug;
		};
		637858E328E00D050042FF2F /* Release */ = {
			isa = XCBuildConfiguration;
			buildSettings = {
				ALWAYS_SEARCH_USER_PATHS = NO;
				CLANG_ANALYZER_NONNULL = YES;
				CLANG_ANALYZER_NUMBER_OBJECT_CONVERSION = YES_AGGRESSIVE;
				CLANG_CXX_LANGUAGE_STANDARD = "gnu++20";
				CLANG_ENABLE_MODULES = YES;
				CLANG_ENABLE_OBJC_ARC = YES;
				CLANG_ENABLE_OBJC_WEAK = YES;
				CLANG_WARN_BLOCK_CAPTURE_AUTORELEASING = YES;
				CLANG_WARN_BOOL_CONVERSION = YES;
				CLANG_WARN_COMMA = YES;
				CLANG_WARN_CONSTANT_CONVERSION = YES;
				CLANG_WARN_DEPRECATED_OBJC_IMPLEMENTATIONS = YES;
				CLANG_WARN_DIRECT_OBJC_ISA_USAGE = YES_ERROR;
				CLANG_WARN_DOCUMENTATION_COMMENTS = YES;
				CLANG_WARN_EMPTY_BODY = YES;
				CLANG_WARN_ENUM_CONVERSION = YES;
				CLANG_WARN_INFINITE_RECURSION = YES;
				CLANG_WARN_INT_CONVERSION = YES;
				CLANG_WARN_NON_LITERAL_NULL_CONVERSION = YES;
				CLANG_WARN_OBJC_IMPLICIT_RETAIN_SELF = YES;
				CLANG_WARN_OBJC_LITERAL_CONVERSION = YES;
				CLANG_WARN_OBJC_ROOT_CLASS = YES_ERROR;
				CLANG_WARN_QUOTED_INCLUDE_IN_FRAMEWORK_HEADER = YES;
				CLANG_WARN_RANGE_LOOP_ANALYSIS = YES;
				CLANG_WARN_STRICT_PROTOTYPES = YES;
				CLANG_WARN_SUSPICIOUS_MOVE = YES;
				CLANG_WARN_UNGUARDED_AVAILABILITY = YES_AGGRESSIVE;
				CLANG_WARN_UNREACHABLE_CODE = YES;
				CLANG_WARN__DUPLICATE_METHOD_MATCH = YES;
				COPY_PHASE_STRIP = NO;
				DEBUG_INFORMATION_FORMAT = "dwarf-with-dsym";
				ENABLE_NS_ASSERTIONS = NO;
				ENABLE_STRICT_OBJC_MSGSEND = YES;
				GCC_C_LANGUAGE_STANDARD = gnu11;
				GCC_NO_COMMON_BLOCKS = YES;
				GCC_WARN_64_TO_32_BIT_CONVERSION = YES;
				GCC_WARN_ABOUT_RETURN_TYPE = YES_ERROR;
				GCC_WARN_UNDECLARED_SELECTOR = YES;
				GCC_WARN_UNINITIALIZED_AUTOS = YES_AGGRESSIVE;
				GCC_WARN_UNUSED_FUNCTION = YES;
				GCC_WARN_UNUSED_VARIABLE = YES;
				IPHONEOS_DEPLOYMENT_TARGET = 16.0;
				MTL_ENABLE_DEBUG_INFO = NO;
				MTL_FAST_MATH = YES;
				SDKROOT = iphoneos;
				SWIFT_COMPILATION_MODE = wholemodule;
				SWIFT_OPTIMIZATION_LEVEL = "-O";
				VALIDATE_PRODUCT = YES;
			};
			name = Release;
		};
		637858E528E00D050042FF2F /* Debug */ = {
			isa = XCBuildConfiguration;
			buildSettings = {
				ASSETCATALOG_COMPILER_APPICON_NAME = AppIcon;
				ASSETCATALOG_COMPILER_GLOBAL_ACCENT_COLOR_NAME = AccentColor;
				CODE_SIGN_STYLE = Automatic;
				CURRENT_PROJECT_VERSION = 1;
				DEVELOPMENT_ASSET_PATHS = "\"AppleShopTest/Preview Content\"";
				DEVELOPMENT_TEAM = QJ9LBR5S7P;
				ENABLE_PREVIEWS = YES;
				GENERATE_INFOPLIST_FILE = YES;
				INFOPLIST_KEY_UIApplicationSceneManifest_Generation = YES;
				INFOPLIST_KEY_UIApplicationSupportsIndirectInputEvents = YES;
				INFOPLIST_KEY_UILaunchScreen_Generation = YES;
				INFOPLIST_KEY_UISupportedInterfaceOrientations_iPad = "UIInterfaceOrientationPortrait UIInterfaceOrientationPortraitUpsideDown UIInterfaceOrientationLandscapeLeft UIInterfaceOrientationLandscapeRight";
				INFOPLIST_KEY_UISupportedInterfaceOrientations_iPhone = "UIInterfaceOrientationPortrait UIInterfaceOrientationLandscapeLeft UIInterfaceOrientationLandscapeRight";
				LD_RUNPATH_SEARCH_PATHS = (
					"$(inherited)",
					"@executable_path/Frameworks",
				);
				MARKETING_VERSION = 1.0;
				PRODUCT_BUNDLE_IDENTIFIER = erun.AppleShopTest;
				PRODUCT_NAME = "$(TARGET_NAME)";
				SWIFT_EMIT_LOC_STRINGS = YES;
				SWIFT_VERSION = 5.0;
				TARGETED_DEVICE_FAMILY = "1,2";
			};
			name = Debug;
		};
		637858E628E00D050042FF2F /* Release */ = {
			isa = XCBuildConfiguration;
			buildSettings = {
				ASSETCATALOG_COMPILER_APPICON_NAME = AppIcon;
				ASSETCATALOG_COMPILER_GLOBAL_ACCENT_COLOR_NAME = AccentColor;
				CODE_SIGN_STYLE = Automatic;
				CURRENT_PROJECT_VERSION = 1;
				DEVELOPMENT_ASSET_PATHS = "\"AppleShopTest/Preview Content\"";
				DEVELOPMENT_TEAM = QJ9LBR5S7P;
				ENABLE_PREVIEWS = YES;
				GENERATE_INFOPLIST_FILE = YES;
				INFOPLIST_KEY_UIApplicationSceneManifest_Generation = YES;
				INFOPLIST_KEY_UIApplicationSupportsIndirectInputEvents = YES;
				INFOPLIST_KEY_UILaunchScreen_Generation = YES;
				INFOPLIST_KEY_UISupportedInterfaceOrientations_iPad = "UIInterfaceOrientationPortrait UIInterfaceOrientationPortraitUpsideDown UIInterfaceOrientationLandscapeLeft UIInterfaceOrientationLandscapeRight";
				INFOPLIST_KEY_UISupportedInterfaceOrientations_iPhone = "UIInterfaceOrientationPortrait UIInterfaceOrientationLandscapeLeft UIInterfaceOrientationLandscapeRight";
				LD_RUNPATH_SEARCH_PATHS = (
					"$(inherited)",
					"@executable_path/Frameworks",
				);
				MARKETING_VERSION = 1.0;
				PRODUCT_BUNDLE_IDENTIFIER = erun.AppleShopTest;
				PRODUCT_NAME = "$(TARGET_NAME)";
				SWIFT_EMIT_LOC_STRINGS = YES;
				SWIFT_VERSION = 5.0;
				TARGETED_DEVICE_FAMILY = "1,2";
			};
			name = Release;
		};
/* End XCBuildConfiguration section */

/* Begin XCConfigurationList section */
		637858D128E00D030042FF2F /* Build configuration list for PBXProject "AppleShopTest" */ = {
			isa = XCConfigurationList;
			buildConfigurations = (
				637858E228E00D050042FF2F /* Debug */,
				637858E328E00D050042FF2F /* Release */,
			);
			defaultConfigurationIsVisible = 0;
			defaultConfigurationName = Release;
		};
		637858E428E00D050042FF2F /* Build configuration list for PBXNativeTarget "AppleShopTest" */ = {
			isa = XCConfigurationList;
			buildConfigurations = (
				637858E528E00D050042FF2F /* Debug */,
				637858E628E00D050042FF2F /* Release */,
			);
			defaultConfigurationIsVisible = 0;
			defaultConfigurationName = Release;
		};
/* End XCConfigurationList section */
	};
	rootObject = 637858CE28E00D030042FF2F /* Project object */;
}
